// !$*UTF8*$!
{
	archiveVersion = 1;
	classes = {
	};
	objectVersion = 53;
	objects = {

/* Begin PBXBuildFile section */
		7CB5DCF52A42C19D00B335D8 /* AppDelegate.swift in Sources */ = {isa = PBXBuildFile; fileRef = 7CB5DCF42A42C19D00B335D8 /* AppDelegate.swift */; };
		7CB5DCF72A42C19D00B335D8 /* SceneDelegate.swift in Sources */ = {isa = PBXBuildFile; fileRef = 7CB5DCF62A42C19D00B335D8 /* SceneDelegate.swift */; };
		7CB5DCF92A42C19D00B335D8 /* ViewController.swift in Sources */ = {isa = PBXBuildFile; fileRef = 7CB5DCF82A42C19D00B335D8 /* ViewController.swift */; };
		7CB5DCFC2A42C19D00B335D8 /* Main.storyboard in Resources */ = {isa = PBXBuildFile; fileRef = 7CB5DCFA2A42C19D00B335D8 /* Main.storyboard */; };
		7CB5DCFE2A42C19E00B335D8 /* Assets.xcassets in Resources */ = {isa = PBXBuildFile; fileRef = 7CB5DCFD2A42C19E00B335D8 /* Assets.xcassets */; };
		7CB5DD012A42C19E00B335D8 /* LaunchScreen.storyboard in Resources */ = {isa = PBXBuildFile; fileRef = 7CB5DCFF2A42C19E00B335D8 /* LaunchScreen.storyboard */; };
		7CB5DD0E2A42C3FA00B335D8 /* TreasureBox.swift in Sources */ = {isa = PBXBuildFile; fileRef = 7CB5DD0D2A42C3FA00B335D8 /* TreasureBox.swift */; };
/* End PBXBuildFile section */

/* Begin PBXCopyFilesBuildPhase section */
		7C7968A22A529D6E008355E8 /* Embed Frameworks */ = {
			isa = PBXCopyFilesBuildPhase;
			buildActionMask = 2147483647;
			dstPath = "";
			dstSubfolderSpec = 10;
			files = (
			);
			name = "Embed Frameworks";
			runOnlyForDeploymentPostprocessing = 0;
		};
/* End PBXCopyFilesBuildPhase section */

/* Begin PBXFileReference section */
		7CB5DCF12A42C19D00B335D8 /* LocalPushNotificationDemo.app */ = {isa = PBXFileReference; explicitFileType = wrapper.application; includeInIndex = 0; path = LocalPushNotificationDemo.app; sourceTree = BUILT_PRODUCTS_DIR; };
		7CB5DCF42A42C19D00B335D8 /* AppDelegate.swift */ = {isa = PBXFileReference; lastKnownFileType = sourcecode.swift; path = AppDelegate.swift; sourceTree = "<group>"; };
		7CB5DCF62A42C19D00B335D8 /* SceneDelegate.swift */ = {isa = PBXFileReference; lastKnownFileType = sourcecode.swift; path = SceneDelegate.swift; sourceTree = "<group>"; };
		7CB5DCF82A42C19D00B335D8 /* ViewController.swift */ = {isa = PBXFileReference; lastKnownFileType = sourcecode.swift; path = ViewController.swift; sourceTree = "<group>"; };
		7CB5DCFB2A42C19D00B335D8 /* Base */ = {isa = PBXFileReference; lastKnownFileType = file.storyboard; name = Base; path = Base.lproj/Main.storyboard; sourceTree = "<group>"; };
		7CB5DCFD2A42C19E00B335D8 /* Assets.xcassets */ = {isa = PBXFileReference; lastKnownFileType = folder.assetcatalog; path = Assets.xcassets; sourceTree = "<group>"; };
		7CB5DD002A42C19E00B335D8 /* Base */ = {isa = PBXFileReference; lastKnownFileType = file.storyboard; name = Base; path = Base.lproj/LaunchScreen.storyboard; sourceTree = "<group>"; };
		7CB5DD022A42C19E00B335D8 /* Info.plist */ = {isa = PBXFileReference; lastKnownFileType = text.plist.xml; path = Info.plist; sourceTree = "<group>"; };
		7CB5DD0D2A42C3FA00B335D8 /* TreasureBox.swift */ = {isa = PBXFileReference; lastKnownFileType = sourcecode.swift; path = TreasureBox.swift; sourceTree = "<group>"; };
/* End PBXFileReference section */

/* Begin PBXFrameworksBuildPhase section */
		7CB5DCEE2A42C19D00B335D8 /* Frameworks */ = {
			isa = PBXFrameworksBuildPhase;
			buildActionMask = 2147483647;
			files = (
			);
			runOnlyForDeploymentPostprocessing = 0;
		};
/* End PBXFrameworksBuildPhase section */

/* Begin PBXGroup section */
		7CB5DCE82A42C19D00B335D8 = {
			isa = PBXGroup;
			children = (
				7CB5DCF32A42C19D00B335D8 /* LocalPushNotificationDemo */,
				7CB5DCF22A42C19D00B335D8 /* Products */,
			);
			sourceTree = "<group>";
		};
		7CB5DCF22A42C19D00B335D8 /* Products */ = {
			isa = PBXGroup;
			children = (
				7CB5DCF12A42C19D00B335D8 /* LocalPushNotificationDemo.app */,
			);
			name = Products;
			sourceTree = "<group>";
		};
		7CB5DCF32A42C19D00B335D8 /* LocalPushNotificationDemo */ = {
			isa = PBXGroup;
			children = (
				7CB5DD0C2A42C37500B335D8 /* AppDelegate */,
				7CB5DD092A42C35700B335D8 /* Main */,
				7CB5DCFD2A42C19E00B335D8 /* Assets.xcassets */,
				7CB5DCFF2A42C19E00B335D8 /* LaunchScreen.storyboard */,
				7CB5DD022A42C19E00B335D8 /* Info.plist */,
			);
			path = LocalPushNotificationDemo;
			sourceTree = "<group>";
		};
		7CB5DD082A42C34B00B335D8 /* Model */ = {
			isa = PBXGroup;
			children = (
				7CB5DD0D2A42C3FA00B335D8 /* TreasureBox.swift */,
			);
			path = Model;
			sourceTree = "<group>";
		};
		7CB5DD092A42C35700B335D8 /* Main */ = {
			isa = PBXGroup;
			children = (
				7CB5DD0B2A42C36B00B335D8 /* View */,
				7CB5DD082A42C34B00B335D8 /* Model */,
			);
			path = Main;
			sourceTree = "<group>";
		};
		7CB5DD0B2A42C36B00B335D8 /* View */ = {
			isa = PBXGroup;
			children = (
				7CB5DCF82A42C19D00B335D8 /* ViewController.swift */,
				7CB5DCFA2A42C19D00B335D8 /* Main.storyboard */,
			);
			path = View;
			sourceTree = "<group>";
		};
		7CB5DD0C2A42C37500B335D8 /* AppDelegate */ = {
			isa = PBXGroup;
			children = (
				7CB5DCF42A42C19D00B335D8 /* AppDelegate.swift */,
				7CB5DCF62A42C19D00B335D8 /* SceneDelegate.swift */,
			);
			path = AppDelegate;
			sourceTree = "<group>";
		};
/* End PBXGroup section */

/* Begin PBXNativeTarget section */
		7CB5DCF02A42C19D00B335D8 /* LocalPushNotificationDemo */ = {
			isa = PBXNativeTarget;
			buildConfigurationList = 7CB5DD052A42C19E00B335D8 /* Build configuration list for PBXNativeTarget "LocalPushNotificationDemo" */;
			buildPhases = (
				7CB5DCED2A42C19D00B335D8 /* Sources */,
				7CB5DCEE2A42C19D00B335D8 /* Frameworks */,
				7CB5DCEF2A42C19D00B335D8 /* Resources */,
				7C7968A22A529D6E008355E8 /* Embed Frameworks */,
			);
			buildRules = (
			);
			dependencies = (
			);
			name = LocalPushNotificationDemo;
			productName = LocalPushNotificationDemo;
			productReference = 7CB5DCF12A42C19D00B335D8 /* LocalPushNotificationDemo.app */;
			productType = "com.apple.product-type.application";
		};
/* End PBXNativeTarget section */

/* Begin PBXProject section */
		7CB5DCE92A42C19D00B335D8 /* Project object */ = {
			isa = PBXProject;
			attributes = {
				BuildIndependentTargetsInParallel = 1;
				LastSwiftUpdateCheck = 1430;
				LastUpgradeCheck = 1430;
				TargetAttributes = {
					7CB5DCF02A42C19D00B335D8 = {
						CreatedOnToolsVersion = 14.3;
					};
				};
			};
			buildConfigurationList = 7CB5DCEC2A42C19D00B335D8 /* Build configuration list for PBXProject "LocalPushNotificationDemo" */;
			compatibilityVersion = "Xcode 11.0";
			developmentRegion = en;
			hasScannedForEncodings = 0;
			knownRegions = (
				en,
				Base,
			);
			mainGroup = 7CB5DCE82A42C19D00B335D8;
			productRefGroup = 7CB5DCF22A42C19D00B335D8 /* Products */;
			projectDirPath = "";
			projectRoot = "";
			targets = (
				7CB5DCF02A42C19D00B335D8 /* LocalPushNotificationDemo */,
			);
		};
/* End PBXProject section */

/* Begin PBXResourcesBuildPhase section */
		7CB5DCEF2A42C19D00B335D8 /* Resources */ = {
			isa = PBXResourcesBuildPhase;
			buildActionMask = 2147483647;
			files = (
				7CB5DD012A42C19E00B335D8 /* LaunchScreen.storyboard in Resources */,
				7CB5DCFE2A42C19E00B335D8 /* Assets.xcassets in Resources */,
				7CB5DCFC2A42C19D00B335D8 /* Main.storyboard in Resources */,
			);
			runOnlyForDeploymentPostprocessing = 0;
		};
/* End PBXResourcesBuildPhase section */

/* Begin PBXSourcesBuildPhase section */
		7CB5DCED2A42C19D00B335D8 /* Sources */ = {
			isa = PBXSourcesBuildPhase;
			buildActionMask = 2147483647;
			files = (
				7CB5DD0E2A42C3FA00B335D8 /* TreasureBox.swift in Sources */,
				7CB5DCF92A42C19D00B335D8 /* ViewController.swift in Sources */,
				7CB5DCF52A42C19D00B335D8 /* AppDelegate.swift in Sources */,
				7CB5DCF72A42C19D00B335D8 /* SceneDelegate.swift in Sources */,
			);
			runOnlyForDeploymentPostprocessing = 0;
		};
/* End PBXSourcesBuildPhase section */

/* Begin PBXVariantGroup section */
		7CB5DCFA2A42C19D00B335D8 /* Main.storyboard */ = {
			isa = PBXVariantGroup;
			children = (
				7CB5DCFB2A42C19D00B335D8 /* Base */,
			);
			name = Main.storyboard;
			sourceTree = "<group>";
		};
		7CB5DCFF2A42C19E00B335D8 /* LaunchScreen.storyboard */ = {
			isa = PBXVariantGroup;
			children = (
				7CB5DD002A42C19E00B335D8 /* Base */,
			);
			name = LaunchScreen.storyboard;
			sourceTree = "<group>";
		};
/* End PBXVariantGroup section */

/* Begin XCBuildConfiguration section */
		7CB5DD032A42C19E00B335D8 /* Debug */ = {
			isa = XCBuildConfiguration;
			buildSettings = {
				ALWAYS_SEARCH_USER_PATHS = NO;
				CLANG_ANALYZER_NONNULL = YES;
				CLANG_ANALYZER_NUMBER_OBJECT_CONVERSION = YES_AGGRESSIVE;
				CLANG_CXX_LANGUAGE_STANDARD = "gnu++20";
				CLANG_ENABLE_MODULES = YES;
				CLANG_ENABLE_OBJC_ARC = YES;
				CLANG_ENABLE_OBJC_WEAK = YES;
				CLANG_WARN_BLOCK_CAPTURE_AUTORELEASING = YES;
				CLANG_WARN_BOOL_CONVERSION = YES;
				CLANG_WARN_COMMA = YES;
				CLANG_WARN_CONSTANT_CONVERSION = YES;
				CLANG_WARN_DEPRECATED_OBJC_IMPLEMENTATIONS = YES;
				CLANG_WARN_DIRECT_OBJC_ISA_USAGE = YES_ERROR;
				CLANG_WARN_DOCUMENTATION_COMMENTS = YES;
				CLANG_WARN_EMPTY_BODY = YES;
				CLANG_WARN_ENUM_CONVERSION = YES;
				CLANG_WARN_INFINITE_RECURSION = YES;
				CLANG_WARN_INT_CONVERSION = YES;
				CLANG_WARN_NON_LITERAL_NULL_CONVERSION = YES;
				CLANG_WARN_OBJC_IMPLICIT_RETAIN_SELF = YES;
				CLANG_WARN_OBJC_LITERAL_CONVERSION = YES;
				CLANG_WARN_OBJC_ROOT_CLASS = YES_ERROR;
				CLANG_WARN_QUOTED_INCLUDE_IN_FRAMEWORK_HEADER = YES;
				CLANG_WARN_RANGE_LOOP_ANALYSIS = YES;
				CLANG_WARN_STRICT_PROTOTYPES = YES;
				CLANG_WARN_SUSPICIOUS_MOVE = YES;
				CLANG_WARN_UNGUARDED_AVAILABILITY = YES_AGGRESSIVE;
				CLANG_WARN_UNREACHABLE_CODE = YES;
				CLANG_WARN__DUPLICATE_METHOD_MATCH = YES;
				COPY_PHASE_STRIP = NO;
				DEBUG_INFORMATION_FORMAT = dwarf;
				ENABLE_STRICT_OBJC_MSGSEND = YES;
				ENABLE_TESTABILITY = YES;
				GCC_C_LANGUAGE_STANDARD = gnu11;
				GCC_DYNAMIC_NO_PIC = NO;
				GCC_NO_COMMON_BLOCKS = YES;
				GCC_OPTIMIZATION_LEVEL = 0;
				GCC_PREPROCESSOR_DEFINITIONS = (
					"DEBUG=1",
					"$(inherited)",
				);
				GCC_WARN_64_TO_32_BIT_CONVERSION = YES;
				GCC_WARN_ABOUT_RETURN_TYPE = YES_ERROR;
				GCC_WARN_UNDECLARED_SELECTOR = YES;
				GCC_WARN_UNINITIALIZED_AUTOS = YES_AGGRESSIVE;
				GCC_WARN_UNUSED_FUNCTION = YES;
				GCC_WARN_UNUSED_VARIABLE = YES;
				IPHONEOS_DEPLOYMENT_TARGET = 13.0;
				MTL_ENABLE_DEBUG_INFO = INCLUDE_SOURCE;
				MTL_FAST_MATH = YES;
				ONLY_ACTIVE_ARCH = YES;
				SDKROOT = iphoneos;
				SWIFT_ACTIVE_COMPILATION_CONDITIONS = DEBUG;
				SWIFT_OPTIMIZATION_LEVEL = "-Onone";
			};
			name = Debug;
		};
		7CB5DD042A42C19E00B335D8 /* Release */ = {
			isa = XCBuildConfiguration;
			buildSettings = {
				ALWAYS_SEARCH_USER_PATHS = NO;
				CLANG_ANALYZER_NONNULL = YES;
				CLANG_ANALYZER_NUMBER_OBJECT_CONVERSION = YES_AGGRESSIVE;
				CLANG_CXX_LANGUAGE_STANDARD = "gnu++20";
				CLANG_ENABLE_MODULES = YES;
				CLANG_ENABLE_OBJC_ARC = YES;
				CLANG_ENABLE_OBJC_WEAK = YES;
				CLANG_WARN_BLOCK_CAPTURE_AUTORELEASING = YES;
				CLANG_WARN_BOOL_CONVERSION = YES;
				CLANG_WARN_COMMA = YES;
				CLANG_WARN_CONSTANT_CONVERSION = YES;
				CLANG_WARN_DEPRECATED_OBJC_IMPLEMENTATIONS = YES;
				CLANG_WARN_DIRECT_OBJC_ISA_USAGE = YES_ERROR;
				CLANG_WARN_DOCUMENTATION_COMMENTS = YES;
				CLANG_WARN_EMPTY_BODY = YES;
				CLANG_WARN_ENUM_CONVERSION = YES;
				CLANG_WARN_INFINITE_RECURSION = YES;
				CLANG_WARN_INT_CONVERSION = YES;
				CLANG_WARN_NON_LITERAL_NULL_CONVERSION = YES;
				CLANG_WARN_OBJC_IMPLICIT_RETAIN_SELF = YES;
				CLANG_WARN_OBJC_LITERAL_CONVERSION = YES;
				CLANG_WARN_OBJC_ROOT_CLASS = YES_ERROR;
				CLANG_WARN_QUOTED_INCLUDE_IN_FRAMEWORK_HEADER = YES;
				CLANG_WARN_RANGE_LOOP_ANALYSIS = YES;
				CLANG_WARN_STRICT_PROTOTYPES = YES;
				CLANG_WARN_SUSPICIOUS_MOVE = YES;
				CLANG_WARN_UNGUARDED_AVAILABILITY = YES_AGGRESSIVE;
				CLANG_WARN_UNREACHABLE_CODE = YES;
				CLANG_WARN__DUPLICATE_METHOD_MATCH = YES;
				COPY_PHASE_STRIP = NO;
				DEBUG_INFORMATION_FORMAT = "dwarf-with-dsym";
				ENABLE_NS_ASSERTIONS = NO;
				ENABLE_STRICT_OBJC_MSGSEND = YES;
				GCC_C_LANGUAGE_STANDARD = gnu11;
				GCC_NO_COMMON_BLOCKS = YES;
				GCC_WARN_64_TO_32_BIT_CONVERSION = YES;
				GCC_WARN_ABOUT_RETURN_TYPE = YES_ERROR;
				GCC_WARN_UNDECLARED_SELECTOR = YES;
				GCC_WARN_UNINITIALIZED_AUTOS = YES_AGGRESSIVE;
				GCC_WARN_UNUSED_FUNCTION = YES;
				GCC_WARN_UNUSED_VARIABLE = YES;
				IPHONEOS_DEPLOYMENT_TARGET = 13.0;
				MTL_ENABLE_DEBUG_INFO = NO;
				MTL_FAST_MATH = YES;
				SDKROOT = iphoneos;
				SWIFT_COMPILATION_MODE = wholemodule;
				SWIFT_OPTIMIZATION_LEVEL = "-O";
				VALIDATE_PRODUCT = YES;
			};
			name = Release;
		};
		7CB5DD062A42C19E00B335D8 /* Debug */ = {
			isa = XCBuildConfiguration;
			buildSettings = {
				ASSETCATALOG_COMPILER_APPICON_NAME = AppIcon;
				ASSETCATALOG_COMPILER_GLOBAL_ACCENT_COLOR_NAME = AccentColor;
				CODE_SIGN_STYLE = Automatic;
				CURRENT_PROJECT_VERSION = 1;
				DEVELOPMENT_TEAM = J9PN696Y9X;
				GENERATE_INFOPLIST_FILE = YES;
				INFOPLIST_FILE = LocalPushNotificationDemo/Info.plist;
				INFOPLIST_KEY_UIApplicationSupportsIndirectInputEvents = YES;
				INFOPLIST_KEY_UILaunchStoryboardName = LaunchScreen;
				INFOPLIST_KEY_UIMainStoryboardFile = Main;
				INFOPLIST_KEY_UISupportedInterfaceOrientations_iPad = "UIInterfaceOrientationPortrait UIInterfaceOrientationPortraitUpsideDown UIInterfaceOrientationLandscapeLeft UIInterfaceOrientationLandscapeRight";
				INFOPLIST_KEY_UISupportedInterfaceOrientations_iPhone = "UIInterfaceOrientationPortrait UIInterfaceOrientationLandscapeLeft UIInterfaceOrientationLandscapeRight";
				IPHONEOS_DEPLOYMENT_TARGET = 13.0;
				LD_RUNPATH_SEARCH_PATHS = (
					"$(inherited)",
					"@executable_path/Frameworks",
				);
				MARKETING_VERSION = 1.0;
				PRODUCT_BUNDLE_IDENTIFIER = com.kimleak.LocalPushNotificationDemo;
				PRODUCT_NAME = "$(TARGET_NAME)";
				SWIFT_EMIT_LOC_STRINGS = YES;
				SWIFT_VERSION = 5.0;
				TARGETED_DEVICE_FAMILY = "1,2";
			};
			name = Debug;
		};
		7CB5DD072A42C19E00B335D8 /* Release */ = {
			isa = XCBuildConfiguration;
			buildSettings = {
				ASSETCATALOG_COMPILER_APPICON_NAME = AppIcon;
				ASSETCATALOG_COMPILER_GLOBAL_ACCENT_COLOR_NAME = AccentColor;
				CODE_SIGN_STYLE = Automatic;
				CURRENT_PROJECT_VERSION = 1;
				DEVELOPMENT_TEAM = J9PN696Y9X;
				GENERATE_INFOPLIST_FILE = YES;
				INFOPLIST_FILE = LocalPushNotificationDemo/Info.plist;
				INFOPLIST_KEY_UIApplicationSupportsIndirectInputEvents = YES;
				INFOPLIST_KEY_UILaunchStoryboardName = LaunchScreen;
				INFOPLIST_KEY_UIMainStoryboardFile = Main;
				INFOPLIST_KEY_UISupportedInterfaceOrientations_iPad = "UIInterfaceOrientationPortrait UIInterfaceOrientationPortraitUpsideDown UIInterfaceOrientationLandscapeLeft UIInterfaceOrientationLandscapeRight";
				INFOPLIST_KEY_UISupportedInterfaceOrientations_iPhone = "UIInterfaceOrientationPortrait UIInterfaceOrientationLandscapeLeft UIInterfaceOrientationLandscapeRight";
				IPHONEOS_DEPLOYMENT_TARGET = 13.0;
				LD_RUNPATH_SEARCH_PATHS = (
					"$(inherited)",
					"@executable_path/Frameworks",
				);
				MARKETING_VERSION = 1.0;
				PRODUCT_BUNDLE_IDENTIFIER = com.kimleak.LocalPushNotificationDemo;
				PRODUCT_NAME = "$(TARGET_NAME)";
				SWIFT_EMIT_LOC_STRINGS = YES;
				SWIFT_VERSION = 5.0;
				TARGETED_DEVICE_FAMILY = "1,2";
			};
			name = Release;
		};
/* End XCBuildConfiguration section */

/* Begin XCConfigurationList section */
		7CB5DCEC2A42C19D00B335D8 /* Build configuration list for PBXProject "LocalPushNotificationDemo" */ = {
			isa = XCConfigurationList;
			buildConfigurations = (
				7CB5DD032A42C19E00B335D8 /* Debug */,
				7CB5DD042A42C19E00B335D8 /* Release */,
			);
			defaultConfigurationIsVisible = 0;
			defaultConfigurationName = Release;
		};
		7CB5DD052A42C19E00B335D8 /* Build configuration list for PBXNativeTarget "LocalPushNotificationDemo" */ = {
			isa = XCConfigurationList;
			buildConfigurations = (
				7CB5DD062A42C19E00B335D8 /* Debug */,
				7CB5DD072A42C19E00B335D8 /* Release */,
			);
			defaultConfigurationIsVisible = 0;
			defaultConfigurationName = Release;
		};
/* End XCConfigurationList section */
	};
	rootObject = 7CB5DCE92A42C19D00B335D8 /* Project object */;
}
